
Microsoft Visual Studio Solution File, Format Version 12.00
# Visual Studio Version 17
VisualStudioVersion = 17.8.34601.278
MinimumVisualStudioVersion = 10.0.40219.1
Project("{FAE04EC0-301F-11D3-BF4B-00C04F79EFBC}") = "IHttpClient", "IHttpClient\IHttpClient.csproj", "{A52E14AF-35C0-4154-92AD-8F68A9770E50}"
EndProject
Project("{FAE04EC0-301F-11D3-BF4B-00C04F79EFBC}") = "HttpClientPor", "HttpClientPor\HttpClientPor.csproj", "{879FE8A2-2BDB-4D34-9B8E-5F3DDBD552B5}"
EndProject
Global
	GlobalSection(SolutionConfigurationPlatforms) = preSolution
		Debug|Any CPU = Debug|Any CPU
		Release|Any CPU = Release|Any CPU
	EndGlobalSection
	GlobalSection(ProjectConfigurationPlatforms) = postSolution
		{A52E14AF-35C0-4154-92AD-8F68A9770E50}.Debug|Any CPU.ActiveCfg = Debug|Any CPU
		{A52E14AF-35C0-4154-92AD-8F68A9770E50}.Debug|Any CPU.Build.0 = Debug|Any CPU
		{A52E14AF-35C0-4154-92AD-8F68A9770E50}.Release|Any CPU.ActiveCfg = Release|Any CPU
		{A52E14AF-35C0-4154-92AD-8F68A9770E50}.Release|Any CPU.Build.0 = Release|Any CPU
		{879FE8A2-2BDB-4D34-9B8E-5F3DDBD552B5}.Debug|Any CPU.ActiveCfg = Debug|Any CPU
		{879FE8A2-2BDB-4D34-9B8E-5F3DDBD552B5}.Debug|Any CPU.Build.0 = Debug|Any CPU
		{879FE8A2-2BDB-4D34-9B8E-5F3DDBD552B5}.Release|Any CPU.ActiveCfg = Release|Any CPU
		{879FE8A2-2BDB-4D34-9B8E-5F3DDBD552B5}.Release|Any CPU.Build.0 = Release|Any CPU
	EndGlobalSection
	GlobalSection(SolutionProperties) = preSolution
		HideSolutionNode = FALSE
	EndGlobalSection
	GlobalSection(ExtensibilityGlobals) = postSolution
		SolutionGuid = {8EA21EF9-2542-46E1-B3B5-DFD1FFCCC9FD}
	EndGlobalSection
EndGlobal
